
Microsoft Visual Studio Solution File, Format Version 12.00
# Visual Studio Version 16
VisualStudioVersion = 16.0.30804.86
MinimumVisualStudioVersion = 10.0.40219.1
Project("{FAE04EC0-301F-11D3-BF4B-00C04F79EFBC}") = "MissionMerger", "MissionMerger\MissionMerger.csproj", "{CD8A77F9-8508-4C9F-87C9-EB946781A9BF}"
EndProject
Global
	GlobalSection(SolutionConfigurationPlatforms) = preSolution
		Debug|Any CPU = Debug|Any CPU
		Release|Any CPU = Release|Any CPU
	EndGlobalSection
	GlobalSection(ProjectConfigurationPlatforms) = postSolution
		{CD8A77F9-8508-4C9F-87C9-EB946781A9BF}.Debug|Any CPU.ActiveCfg = Debug|Any CPU
		{CD8A77F9-8508-4C9F-87C9-EB946781A9BF}.Debug|Any CPU.Build.0 = Debug|Any CPU
		{CD8A77F9-8508-4C9F-87C9-EB946781A9BF}.Release|Any CPU.ActiveCfg = Release|Any CPU
		{CD8A77F9-8508-4C9F-87C9-EB946781A9BF}.Release|Any CPU.Build.0 = Release|Any CPU
	EndGlobalSection
	GlobalSection(SolutionProperties) = preSolution
		HideSolutionNode = FALSE
	EndGlobalSection
	GlobalSection(ExtensibilityGlobals) = postSolution
		SolutionGuid = {823B357C-3EE7-4C6C-9E07-1BA4BB4223FE}
	EndGlobalSection
EndGlobal
